
Microsoft Visual Studio Solution File, Format Version 12.00
# Visual Studio Version 17
VisualStudioVersion = 17.5.002.0
MinimumVisualStudioVersion = 10.0.40219.1
Project("{9A19103F-16F7-4668-BE54-9A1E7A4F7556}") = "LB.DemoService.UI.Client", "LB.DemoService.UI.Client.csproj", "{1C4DF9B1-352A-43F7-B094-8522864A6991}"
EndProject
Global
	GlobalSection(SolutionConfigurationPlatforms) = preSolution
		Debug|Any CPU = Debug|Any CPU
		Release|Any CPU = Release|Any CPU
	EndGlobalSection
	GlobalSection(ProjectConfigurationPlatforms) = postSolution
		{1C4DF9B1-352A-43F7-B094-8522864A6991}.Debug|Any CPU.ActiveCfg = Debug|Any CPU
		{1C4DF9B1-352A-43F7-B094-8522864A6991}.Debug|Any CPU.Build.0 = Debug|Any CPU
		{1C4DF9B1-352A-43F7-B094-8522864A6991}.Release|Any CPU.ActiveCfg = Release|Any CPU
		{1C4DF9B1-352A-43F7-B094-8522864A6991}.Release|Any CPU.Build.0 = Release|Any CPU
	EndGlobalSection
	GlobalSection(SolutionProperties) = preSolution
		HideSolutionNode = FALSE
	EndGlobalSection
	GlobalSection(ExtensibilityGlobals) = postSolution
		SolutionGuid = {340EA50F-4414-49EC-8888-D3CB7F552FC0}
	EndGlobalSection
EndGlobal
