
Microsoft Visual Studio Solution File, Format Version 12.00
# Visual Studio Version 17
VisualStudioVersion = 17.5.002.0
MinimumVisualStudioVersion = 10.0.40219.1
Project("{9A19103F-16F7-4668-BE54-9A1E7A4F7556}") = "WhiteLabel.AspireContainerTest.AppHost", "WhiteLabel.AspireContainerTest.AppHost.csproj", "{2124FF3E-7441-4B8E-B57D-FF030D01CA79}"
EndProject
Global
	GlobalSection(SolutionConfigurationPlatforms) = preSolution
		Debug|Any CPU = Debug|Any CPU
		Release|Any CPU = Release|Any CPU
	EndGlobalSection
	GlobalSection(ProjectConfigurationPlatforms) = postSolution
		{2124FF3E-7441-4B8E-B57D-FF030D01CA79}.Debug|Any CPU.ActiveCfg = Debug|Any CPU
		{2124FF3E-7441-4B8E-B57D-FF030D01CA79}.Debug|Any CPU.Build.0 = Debug|Any CPU
		{2124FF3E-7441-4B8E-B57D-FF030D01CA79}.Release|Any CPU.ActiveCfg = Release|Any CPU
		{2124FF3E-7441-4B8E-B57D-FF030D01CA79}.Release|Any CPU.Build.0 = Release|Any CPU
	EndGlobalSection
	GlobalSection(SolutionProperties) = preSolution
		HideSolutionNode = FALSE
	EndGlobalSection
	GlobalSection(ExtensibilityGlobals) = postSolution
		SolutionGuid = {49E50335-D879-414A-88F3-870DE8F64BEF}
	EndGlobalSection
EndGlobal
